
Microsoft Visual Studio Solution File, Format Version 12.00
# Visual Studio Version 17
VisualStudioVersion = 17.10.35013.160
MinimumVisualStudioVersion = 10.0.40219.1
Project("{FAE04EC0-301F-11D3-BF4B-00C04F79EFBC}") = "FirstDll", "FirstDll.csproj", "{9599B544-CC11-4B2E-A42D-4D3D89239488}"
EndProject
Global
	GlobalSection(SolutionConfigurationPlatforms) = preSolution
		Debug|Any CPU = Debug|Any CPU
		Release|Any CPU = Release|Any CPU
	EndGlobalSection
	GlobalSection(ProjectConfigurationPlatforms) = postSolution
		{9599B544-CC11-4B2E-A42D-4D3D89239488}.Debug|Any CPU.ActiveCfg = Debug|Any CPU
		{9599B544-CC11-4B2E-A42D-4D3D89239488}.Debug|Any CPU.Build.0 = Debug|Any CPU
		{9599B544-CC11-4B2E-A42D-4D3D89239488}.Release|Any CPU.ActiveCfg = Release|Any CPU
		{9599B544-CC11-4B2E-A42D-4D3D89239488}.Release|Any CPU.Build.0 = Release|Any CPU
	EndGlobalSection
	GlobalSection(SolutionProperties) = preSolution
		HideSolutionNode = FALSE
	EndGlobalSection
	GlobalSection(ExtensibilityGlobals) = postSolution
		SolutionGuid = {DE158396-CDB7-4B9B-AB77-598AA16566B8}
	EndGlobalSection
EndGlobal
